
Microsoft Visual Studio Solution File, Format Version 12.00
# Visual Studio 2012
Project("{2150E333-8FDC-42A3-9474-1A3956D46DE8}") = "Tasarım Prensipleri", "Tasarım Prensipleri", "{FF020E2B-1BC5-4A9F-BE25-ED861B41DE3D}"
EndProject
Project("{2150E333-8FDC-42A3-9474-1A3956D46DE8}") = "Single Responsibility", "Single Responsibility", "{8E4934EC-9512-431A-9894-DE24D9B31A81}"
EndProject
Project("{2150E333-8FDC-42A3-9474-1A3956D46DE8}") = "Kötü Tasarım", "Kötü Tasarım", "{8D7F9724-B394-4058-B207-62181A7D44E8}"
EndProject
Project("{2150E333-8FDC-42A3-9474-1A3956D46DE8}") = "İyi Tasarım", "İyi Tasarım", "{0D1C5668-D3DF-42E0-BB98-9E0A545C3FB3}"
EndProject
Project("{FAE04EC0-301F-11D3-BF4B-00C04F79EFBC}") = "OnlineRezervasyonKotu", "OnlineRezervasyonKotu\OnlineRezervasyonKotu.csproj", "{AFC993F5-6887-4EEC-8A8C-ADDCC70291A4}"
EndProject
Project("{FAE04EC0-301F-11D3-BF4B-00C04F79EFBC}") = "OnlineRezervasyonIyi", "OnlineRezervasyonIyi\OnlineRezervasyonIyi.csproj", "{5916ABE7-9DFE-43A5-A3C8-C84B26B073F8}"
EndProject
Project("{2150E333-8FDC-42A3-9474-1A3956D46DE8}") = "Dependency Inversion", "Dependency Inversion", "{D3A6D3FD-561E-4DB4-B387-97149AFEAFFE}"
EndProject
Project("{2150E333-8FDC-42A3-9474-1A3956D46DE8}") = "Kötü Tasarım", "Kötü Tasarım", "{6B127479-018E-48D8-A706-42C214DAD930}"
EndProject
Project("{FAE04EC0-301F-11D3-BF4B-00C04F79EFBC}") = "OnlineRezervasyonKotuDependency", "OnlineRezervasyonKotuDependency\OnlineRezervasyonKotuDependency.csproj", "{6B373D02-F609-460A-962B-837BBF498CA9}"
EndProject
Project("{2150E333-8FDC-42A3-9474-1A3956D46DE8}") = "İyi Tasarım", "İyi Tasarım", "{8AE26741-E1D0-4232-B580-03C5CDFE6047}"
EndProject
Project("{FAE04EC0-301F-11D3-BF4B-00C04F79EFBC}") = "OnlineRezervasyonIyiDependency", "OnlineRezervasyonIyiDependency\OnlineRezervasyonIyiDependency.csproj", "{66071063-546C-4B3A-8F2C-9FF2AD5A0D59}"
EndProject
Project("{2150E333-8FDC-42A3-9474-1A3956D46DE8}") = "Open Close", "Open Close", "{331D5A15-E182-497A-A513-56D0A346D51C}"
EndProject
Project("{2150E333-8FDC-42A3-9474-1A3956D46DE8}") = "İyi Tasarım", "İyi Tasarım", "{2C10983A-9FBA-4E1C-B943-568F9D40B37B}"
EndProject
Project("{2150E333-8FDC-42A3-9474-1A3956D46DE8}") = "Kötü Tasarım", "Kötü Tasarım", "{AAA4D06E-B13B-429B-939C-557DF53AB7F1}"
EndProject
Project("{FAE04EC0-301F-11D3-BF4B-00C04F79EFBC}") = "OdemeSistemiKotu", "OdemeSistemiKotu\OdemeSistemiKotu.csproj", "{4AA38907-643A-42CF-8532-688732B0B16F}"
EndProject
Project("{FAE04EC0-301F-11D3-BF4B-00C04F79EFBC}") = "OdemeSistemiIyi", "OdemeSistemiIyi\OdemeSistemiIyi.csproj", "{776F705E-5667-43C7-BD4F-5A8760F1D5B4}"
EndProject
Project("{2150E333-8FDC-42A3-9474-1A3956D46DE8}") = "Interface Segregation", "Interface Segregation", "{1F28FD43-3E62-4DCB-A6B9-7187B5A74341}"
EndProject
Project("{2150E333-8FDC-42A3-9474-1A3956D46DE8}") = "Kötü Tasarım", "Kötü Tasarım", "{F6ACB8CD-FFB4-40AE-A6D8-DBC38E1AC558}"
EndProject
Project("{2150E333-8FDC-42A3-9474-1A3956D46DE8}") = "İyi Tasarım", "İyi Tasarım", "{798C59AF-16EF-465B-81DA-EF745576EC6A}"
EndProject
Project("{FAE04EC0-301F-11D3-BF4B-00C04F79EFBC}") = "OnaylamaSistemiKotu", "OnaylamaSistemiKotu\OnaylamaSistemiKotu.csproj", "{BA7EDD2C-A2E8-4F75-80D2-BE756F55A654}"
EndProject
Project("{FAE04EC0-301F-11D3-BF4B-00C04F79EFBC}") = "OnaylamaSistemiIyi", "OnaylamaSistemiIyi\OnaylamaSistemiIyi.csproj", "{EB40B884-68C2-4AF9-80CE-1D9E4506B564}"
EndProject
Project("{2150E333-8FDC-42A3-9474-1A3956D46DE8}") = "Liskovs Substituion", "Liskovs Substituion", "{F26A6D5B-8F99-4515-BAD2-5559A31349D0}"
EndProject
Project("{2150E333-8FDC-42A3-9474-1A3956D46DE8}") = "İyi Tasarım", "İyi Tasarım", "{FA79F034-230F-487E-9DC1-4EBD6AD0E288}"
EndProject
Project("{2150E333-8FDC-42A3-9474-1A3956D46DE8}") = "Kötü Tasarım", "Kötü Tasarım", "{A577652B-06A6-4157-B483-1B87E7DE7134}"
EndProject
Project("{FAE04EC0-301F-11D3-BF4B-00C04F79EFBC}") = "SifrelemeKotu", "SifrelemeKotu\SifrelemeKotu.csproj", "{5B23D550-7CBB-4DF7-A251-C0D67E560859}"
EndProject
Project("{FAE04EC0-301F-11D3-BF4B-00C04F79EFBC}") = "SifrelemeIyi", "SifrelemeIyi\SifrelemeIyi.csproj", "{106E778C-CE32-4B42-BF1F-B5FB1E5F7006}"
EndProject
Global
	GlobalSection(SolutionConfigurationPlatforms) = preSolution
		Debug|Any CPU = Debug|Any CPU
		Release|Any CPU = Release|Any CPU
	EndGlobalSection
	GlobalSection(ProjectConfigurationPlatforms) = postSolution
		{AFC993F5-6887-4EEC-8A8C-ADDCC70291A4}.Debug|Any CPU.ActiveCfg = Debug|Any CPU
		{AFC993F5-6887-4EEC-8A8C-ADDCC70291A4}.Debug|Any CPU.Build.0 = Debug|Any CPU
		{AFC993F5-6887-4EEC-8A8C-ADDCC70291A4}.Release|Any CPU.ActiveCfg = Release|Any CPU
		{AFC993F5-6887-4EEC-8A8C-ADDCC70291A4}.Release|Any CPU.Build.0 = Release|Any CPU
		{5916ABE7-9DFE-43A5-A3C8-C84B26B073F8}.Debug|Any CPU.ActiveCfg = Debug|Any CPU
		{5916ABE7-9DFE-43A5-A3C8-C84B26B073F8}.Debug|Any CPU.Build.0 = Debug|Any CPU
		{5916ABE7-9DFE-43A5-A3C8-C84B26B073F8}.Release|Any CPU.ActiveCfg = Release|Any CPU
		{5916ABE7-9DFE-43A5-A3C8-C84B26B073F8}.Release|Any CPU.Build.0 = Release|Any CPU
		{6B373D02-F609-460A-962B-837BBF498CA9}.Debug|Any CPU.ActiveCfg = Debug|Any CPU
		{6B373D02-F609-460A-962B-837BBF498CA9}.Debug|Any CPU.Build.0 = Debug|Any CPU
		{6B373D02-F609-460A-962B-837BBF498CA9}.Release|Any CPU.ActiveCfg = Release|Any CPU
		{6B373D02-F609-460A-962B-837BBF498CA9}.Release|Any CPU.Build.0 = Release|Any CPU
		{66071063-546C-4B3A-8F2C-9FF2AD5A0D59}.Debug|Any CPU.ActiveCfg = Debug|Any CPU
		{66071063-546C-4B3A-8F2C-9FF2AD5A0D59}.Debug|Any CPU.Build.0 = Debug|Any CPU
		{66071063-546C-4B3A-8F2C-9FF2AD5A0D59}.Release|Any CPU.ActiveCfg = Release|Any CPU
		{66071063-546C-4B3A-8F2C-9FF2AD5A0D59}.Release|Any CPU.Build.0 = Release|Any CPU
		{4AA38907-643A-42CF-8532-688732B0B16F}.Debug|Any CPU.ActiveCfg = Debug|Any CPU
		{4AA38907-643A-42CF-8532-688732B0B16F}.Debug|Any CPU.Build.0 = Debug|Any CPU
		{4AA38907-643A-42CF-8532-688732B0B16F}.Release|Any CPU.ActiveCfg = Release|Any CPU
		{4AA38907-643A-42CF-8532-688732B0B16F}.Release|Any CPU.Build.0 = Release|Any CPU
		{776F705E-5667-43C7-BD4F-5A8760F1D5B4}.Debug|Any CPU.ActiveCfg = Debug|Any CPU
		{776F705E-5667-43C7-BD4F-5A8760F1D5B4}.Debug|Any CPU.Build.0 = Debug|Any CPU
		{776F705E-5667-43C7-BD4F-5A8760F1D5B4}.Release|Any CPU.ActiveCfg = Release|Any CPU
		{776F705E-5667-43C7-BD4F-5A8760F1D5B4}.Release|Any CPU.Build.0 = Release|Any CPU
		{BA7EDD2C-A2E8-4F75-80D2-BE756F55A654}.Debug|Any CPU.ActiveCfg = Debug|Any CPU
		{BA7EDD2C-A2E8-4F75-80D2-BE756F55A654}.Debug|Any CPU.Build.0 = Debug|Any CPU
		{BA7EDD2C-A2E8-4F75-80D2-BE756F55A654}.Release|Any CPU.ActiveCfg = Release|Any CPU
		{BA7EDD2C-A2E8-4F75-80D2-BE756F55A654}.Release|Any CPU.Build.0 = Release|Any CPU
		{EB40B884-68C2-4AF9-80CE-1D9E4506B564}.Debug|Any CPU.ActiveCfg = Debug|Any CPU
		{EB40B884-68C2-4AF9-80CE-1D9E4506B564}.Debug|Any CPU.Build.0 = Debug|Any CPU
		{EB40B884-68C2-4AF9-80CE-1D9E4506B564}.Release|Any CPU.ActiveCfg = Release|Any CPU
		{EB40B884-68C2-4AF9-80CE-1D9E4506B564}.Release|Any CPU.Build.0 = Release|Any CPU
		{5B23D550-7CBB-4DF7-A251-C0D67E560859}.Debug|Any CPU.ActiveCfg = Debug|Any CPU
		{5B23D550-7CBB-4DF7-A251-C0D67E560859}.Debug|Any CPU.Build.0 = Debug|Any CPU
		{5B23D550-7CBB-4DF7-A251-C0D67E560859}.Release|Any CPU.ActiveCfg = Release|Any CPU
		{5B23D550-7CBB-4DF7-A251-C0D67E560859}.Release|Any CPU.Build.0 = Release|Any CPU
		{106E778C-CE32-4B42-BF1F-B5FB1E5F7006}.Debug|Any CPU.ActiveCfg = Debug|Any CPU
		{106E778C-CE32-4B42-BF1F-B5FB1E5F7006}.Debug|Any CPU.Build.0 = Debug|Any CPU
		{106E778C-CE32-4B42-BF1F-B5FB1E5F7006}.Release|Any CPU.ActiveCfg = Release|Any CPU
		{106E778C-CE32-4B42-BF1F-B5FB1E5F7006}.Release|Any CPU.Build.0 = Release|Any CPU
	EndGlobalSection
	GlobalSection(SolutionProperties) = preSolution
		HideSolutionNode = FALSE
	EndGlobalSection
	GlobalSection(NestedProjects) = preSolution
		{8E4934EC-9512-431A-9894-DE24D9B31A81} = {FF020E2B-1BC5-4A9F-BE25-ED861B41DE3D}
		{D3A6D3FD-561E-4DB4-B387-97149AFEAFFE} = {FF020E2B-1BC5-4A9F-BE25-ED861B41DE3D}
		{331D5A15-E182-497A-A513-56D0A346D51C} = {FF020E2B-1BC5-4A9F-BE25-ED861B41DE3D}
		{1F28FD43-3E62-4DCB-A6B9-7187B5A74341} = {FF020E2B-1BC5-4A9F-BE25-ED861B41DE3D}
		{F26A6D5B-8F99-4515-BAD2-5559A31349D0} = {FF020E2B-1BC5-4A9F-BE25-ED861B41DE3D}
		{8D7F9724-B394-4058-B207-62181A7D44E8} = {8E4934EC-9512-431A-9894-DE24D9B31A81}
		{0D1C5668-D3DF-42E0-BB98-9E0A545C3FB3} = {8E4934EC-9512-431A-9894-DE24D9B31A81}
		{AFC993F5-6887-4EEC-8A8C-ADDCC70291A4} = {8D7F9724-B394-4058-B207-62181A7D44E8}
		{5916ABE7-9DFE-43A5-A3C8-C84B26B073F8} = {0D1C5668-D3DF-42E0-BB98-9E0A545C3FB3}
		{6B127479-018E-48D8-A706-42C214DAD930} = {D3A6D3FD-561E-4DB4-B387-97149AFEAFFE}
		{8AE26741-E1D0-4232-B580-03C5CDFE6047} = {D3A6D3FD-561E-4DB4-B387-97149AFEAFFE}
		{6B373D02-F609-460A-962B-837BBF498CA9} = {6B127479-018E-48D8-A706-42C214DAD930}
		{66071063-546C-4B3A-8F2C-9FF2AD5A0D59} = {8AE26741-E1D0-4232-B580-03C5CDFE6047}
		{2C10983A-9FBA-4E1C-B943-568F9D40B37B} = {331D5A15-E182-497A-A513-56D0A346D51C}
		{AAA4D06E-B13B-429B-939C-557DF53AB7F1} = {331D5A15-E182-497A-A513-56D0A346D51C}
		{776F705E-5667-43C7-BD4F-5A8760F1D5B4} = {2C10983A-9FBA-4E1C-B943-568F9D40B37B}
		{4AA38907-643A-42CF-8532-688732B0B16F} = {AAA4D06E-B13B-429B-939C-557DF53AB7F1}
		{F6ACB8CD-FFB4-40AE-A6D8-DBC38E1AC558} = {1F28FD43-3E62-4DCB-A6B9-7187B5A74341}
		{798C59AF-16EF-465B-81DA-EF745576EC6A} = {1F28FD43-3E62-4DCB-A6B9-7187B5A74341}
		{BA7EDD2C-A2E8-4F75-80D2-BE756F55A654} = {F6ACB8CD-FFB4-40AE-A6D8-DBC38E1AC558}
		{EB40B884-68C2-4AF9-80CE-1D9E4506B564} = {798C59AF-16EF-465B-81DA-EF745576EC6A}
		{FA79F034-230F-487E-9DC1-4EBD6AD0E288} = {F26A6D5B-8F99-4515-BAD2-5559A31349D0}
		{A577652B-06A6-4157-B483-1B87E7DE7134} = {F26A6D5B-8F99-4515-BAD2-5559A31349D0}
		{106E778C-CE32-4B42-BF1F-B5FB1E5F7006} = {FA79F034-230F-487E-9DC1-4EBD6AD0E288}
		{5B23D550-7CBB-4DF7-A251-C0D67E560859} = {A577652B-06A6-4157-B483-1B87E7DE7134}
	EndGlobalSection
EndGlobal
